
Microsoft Visual Studio Solution File, Format Version 12.00
# Visual Studio Version 16
VisualStudioVersion = 16.0.30709.132
MinimumVisualStudioVersion = 10.0.40219.1
Project("{FAE04EC0-301F-11D3-BF4B-00C04F79EFBC}") = "lab12", "lab12\lab12.csproj", "{29217A85-A682-459D-9FD4-A54A504E104A}"
EndProject
Global
	GlobalSection(SolutionConfigurationPlatforms) = preSolution
		Debug|Any CPU = Debug|Any CPU
		Release|Any CPU = Release|Any CPU
	EndGlobalSection
	GlobalSection(ProjectConfigurationPlatforms) = postSolution
		{29217A85-A682-459D-9FD4-A54A504E104A}.Debug|Any CPU.ActiveCfg = Debug|Any CPU
		{29217A85-A682-459D-9FD4-A54A504E104A}.Debug|Any CPU.Build.0 = Debug|Any CPU
		{29217A85-A682-459D-9FD4-A54A504E104A}.Release|Any CPU.ActiveCfg = Release|Any CPU
		{29217A85-A682-459D-9FD4-A54A504E104A}.Release|Any CPU.Build.0 = Release|Any CPU
	EndGlobalSection
	GlobalSection(SolutionProperties) = preSolution
		HideSolutionNode = FALSE
	EndGlobalSection
	GlobalSection(ExtensibilityGlobals) = postSolution
		SolutionGuid = {590DEE09-3ECB-4266-8EAC-8E47B9A3EC48}
	EndGlobalSection
EndGlobal
